{
  "lockfileVersion": 1,
  "workspaces": {
    "": {
      "name": "zoren-hotline-scripts",
      "dependencies": {
        "@anthropic-ai/sdk": "^0.76.0",
        "stripe": "^17.0.0",
      },
      "devDependencies": {
        "@types/bun": "latest",
      },
      "peerDependencies": {
        "typescript": "^5",
      },
    },
  },
  "packages": {
    "@anthropic-ai/sdk": ["@anthropic-ai/sdk@0.76.0", "", { "dependencies": { "json-schema-to-ts": "^3.1.1" }, "peerDependencies": { "zod": "^3.25.0 || ^4.0.0" }, "optionalPeers": ["zod"], "bin": { "anthropic-ai-sdk": "bin/cli" } }, "sha512-Nycgyfk6EwUnkozG321qNE7Vya46YPm2E0IB0+MmEBNEboOgXblvMmnDb5qNmsxAo9feJzDTFDgxioWwyoIy2g=="],

    "@babel/runtime": ["@babel/runtime@7.28.6", "", {}, "sha512-05WQkdpL9COIMz4LjTxGpPNCdlpyimKppYNoJ5Di5EUObifl8t4tuLuUBBZEpoLYOmfvIWrsp9fCl0HoPRVTdA=="],

    "@types/bun": ["@types/bun@1.3.9", "", { "dependencies": { "bun-types": "1.3.9" } }, "sha512-KQ571yULOdWJiMH+RIWIOZ7B2RXQGpL1YQrBtLIV3FqDcCu6FsbFUBwhdKUlCKUpS3PJDsHlJ1QKlpxoVR+xtw=="],

    "@types/node": ["@types/node@25.3.0", "", { "dependencies": { "undici-types": "~7.18.0" } }, "sha512-4K3bqJpXpqfg2XKGK9bpDTc6xO/xoUP/RBWS7AtRMug6zZFaRekiLzjVtAoZMquxoAbzBvy5nxQ7veS5eYzf8A=="],

    "bun-types": ["bun-types@1.3.9", "", { "dependencies": { "@types/node": "*" } }, "sha512-+UBWWOakIP4Tswh0Bt0QD0alpTY8cb5hvgiYeWCMet9YukHbzuruIEeXC2D7nMJPB12kbh8C7XJykSexEqGKJg=="],

    "call-bind-apply-helpers": ["call-bind-apply-helpers@1.0.2", "", { "dependencies": { "es-errors": "^1.3.0", "function-bind": "^1.1.2" } }, "sha512-Sp1ablJ0ivDkSzjcaJdxEunN5/XvksFJ2sMBFfq6x0ryhQV/2b/KwFe21cMpmHtPOSij8K99/wSfoEuTObmuMQ=="],

    "call-bound": ["call-bound@1.0.4", "", { "dependencies": { "call-bind-apply-helpers": "^1.0.2", "get-intrinsic": "^1.3.0" } }, "sha512-+ys997U96po4Kx/ABpBCqhA9EuxJaQWDQg7295H4hBphv3IZg0boBKuwYpt4YXp6MZ5AmZQnU/tyMTlRpaSejg=="],

    "dunder-proto": ["dunder-proto@1.0.1", "", { "dependencies": { "call-bind-apply-helpers": "^1.0.1", "es-errors": "^1.3.0", "gopd": "^1.2.0" } }, "sha512-KIN/nDJBQRcXw0MLVhZE9iQHmG68qAVIBg9CqmUYjmQIhgij9U5MFvrqkUL5FbtyyzZuOeOt0zdeRe4UY7ct+A=="],

    "es-define-property": ["es-define-property@1.0.1", "", {}, "sha512-e3nRfgfUZ4rNGL232gUgX06QNyyez04KdjFrF+LTRoOXmrOgFKDg4BCdsjW8EnT69eqdYGmRpJwiPVYNrCaW3g=="],

    "es-errors": ["es-errors@1.3.0", "", {}, "sha512-Zf5H2Kxt2xjTvbJvP2ZWLEICxA6j+hAmMzIlypy4xcBg1vKVnx89Wy0GbS+kf5cwCVFFzdCFh2XSCFNULS6csw=="],

    "es-object-atoms": ["es-object-atoms@1.1.1", "", { "dependencies": { "es-errors": "^1.3.0" } }, "sha512-FGgH2h8zKNim9ljj7dankFPcICIK9Cp5bm+c2gQSYePhpaG5+esrLODihIorn+Pe6FGJzWhXQotPv73jTaldXA=="],

    "function-bind": ["function-bind@1.1.2", "", {}, "sha512-7XHNxH7qX9xG5mIwxkhumTox/MIRNcOgDrxWsMt2pAr23WHp6MrRlN7FBSFpCpr+oVO0F744iUgR82nJMfG2SA=="],

    "get-intrinsic": ["get-intrinsic@1.3.0", "", { "dependencies": { "call-bind-apply-helpers": "^1.0.2", "es-define-property": "^1.0.1", "es-errors": "^1.3.0", "es-object-atoms": "^1.1.1", "function-bind": "^1.1.2", "get-proto": "^1.0.1", "gopd": "^1.2.0", "has-symbols": "^1.1.0", "hasown": "^2.0.2", "math-intrinsics": "^1.1.0" } }, "sha512-9fSjSaos/fRIVIp+xSJlE6lfwhES7LNtKaCBIamHsjr2na1BiABJPo0mOjjz8GJDURarmCPGqaiVg5mfjb98CQ=="],

    "get-proto": ["get-proto@1.0.1", "", { "dependencies": { "dunder-proto": "^1.0.1", "es-object-atoms": "^1.0.0" } }, "sha512-sTSfBjoXBp89JvIKIefqw7U2CCebsc74kiY6awiGogKtoSGbgjYE/G/+l9sF3MWFPNc9IcoOC4ODfKHfxFmp0g=="],

    "gopd": ["gopd@1.2.0", "", {}, "sha512-ZUKRh6/kUFoAiTAtTYPZJ3hw9wNxx+BIBOijnlG9PnrJsCcSjs1wyyD6vJpaYtgnzDrKYRSqf3OO6Rfa93xsRg=="],

    "has-symbols": ["has-symbols@1.1.0", "", {}, "sha512-1cDNdwJ2Jaohmb3sg4OmKaMBwuC48sYni5HUw2DvsC8LjGTLK9h+eb1X6RyuOHe4hT0ULCW68iomhjUoKUqlPQ=="],

    "hasown": ["hasown@2.0.2", "", { "dependencies": { "function-bind": "^1.1.2" } }, "sha512-0hJU9SCPvmMzIBdZFqNPXWa6dqh7WdH0cII9y+CyS8rG3nL48Bclra9HmKhVVUHyPWNH5Y7xDwAB7bfgSjkUMQ=="],

    "json-schema-to-ts": ["json-schema-to-ts@3.1.1", "", { "dependencies": { "@babel/runtime": "^7.18.3", "ts-algebra": "^2.0.0" } }, "sha512-+DWg8jCJG2TEnpy7kOm/7/AxaYoaRbjVB4LFZLySZlWn8exGs3A4OLJR966cVvU26N7X9TWxl+Jsw7dzAqKT6g=="],

    "math-intrinsics": ["math-intrinsics@1.1.0", "", {}, "sha512-/IXtbwEk5HTPyEwyKX6hGkYXxM9nbj64B+ilVJnC/R6B0pH5G4V3b0pVbL7DBj4tkhBAppbQUlf6F6Xl9LHu1g=="],

    "object-inspect": ["object-inspect@1.13.4", "", {}, "sha512-W67iLl4J2EXEGTbfeHCffrjDfitvLANg0UlX3wFUUSTx92KXRFegMHUVgSqE+wvhAbi4WqjGg9czysTV2Epbew=="],

    "qs": ["qs@6.15.0", "", { "dependencies": { "side-channel": "^1.1.0" } }, "sha512-mAZTtNCeetKMH+pSjrb76NAM8V9a05I9aBZOHztWy/UqcJdQYNsf59vrRKWnojAT9Y+GbIvoTBC++CPHqpDBhQ=="],

    "side-channel": ["side-channel@1.1.0", "", { "dependencies": { "es-errors": "^1.3.0", "object-inspect": "^1.13.3", "side-channel-list": "^1.0.0", "side-channel-map": "^1.0.1", "side-channel-weakmap": "^1.0.2" } }, "sha512-ZX99e6tRweoUXqR+VBrslhda51Nh5MTQwou5tnUDgbtyM0dBgmhEDtWGP/xbKn6hqfPRHujUNwz5fy/wbbhnpw=="],

    "side-channel-list": ["side-channel-list@1.0.0", "", { "dependencies": { "es-errors": "^1.3.0", "object-inspect": "^1.13.3" } }, "sha512-FCLHtRD/gnpCiCHEiJLOwdmFP+wzCmDEkc9y7NsYxeF4u7Btsn1ZuwgwJGxImImHicJArLP4R0yX4c2KCrMrTA=="],

    "side-channel-map": ["side-channel-map@1.0.1", "", { "dependencies": { "call-bound": "^1.0.2", "es-errors": "^1.3.0", "get-intrinsic": "^1.2.5", "object-inspect": "^1.13.3" } }, "sha512-VCjCNfgMsby3tTdo02nbjtM/ewra6jPHmpThenkTYh8pG9ucZ/1P8So4u4FGBek/BjpOVsDCMoLA/iuBKIFXRA=="],

    "side-channel-weakmap": ["side-channel-weakmap@1.0.2", "", { "dependencies": { "call-bound": "^1.0.2", "es-errors": "^1.3.0", "get-intrinsic": "^1.2.5", "object-inspect": "^1.13.3", "side-channel-map": "^1.0.1" } }, "sha512-WPS/HvHQTYnHisLo9McqBHOJk2FkHO/tlpvldyrnem4aeQp4hai3gythswg6p01oSoTl58rcpiFAjF2br2Ak2A=="],

    "stripe": ["stripe@17.7.0", "", { "dependencies": { "@types/node": ">=8.1.0", "qs": "^6.11.0" } }, "sha512-aT2BU9KkizY9SATf14WhhYVv2uOapBWX0OFWF4xvcj1mPaNotlSc2CsxpS4DS46ZueSppmCF5BX1sNYBtwBvfw=="],

    "ts-algebra": ["ts-algebra@2.0.0", "", {}, "sha512-FPAhNPFMrkwz76P7cdjdmiShwMynZYN6SgOujD1urY4oNm80Ou9oMdmbR45LotcKOXoy7wSmHkRFE6Mxbrhefw=="],

    "typescript": ["typescript@5.9.3", "", { "bin": { "tsc": "bin/tsc", "tsserver": "bin/tsserver" } }, "sha512-jl1vZzPDinLr9eUt3J/t7V6FgNEw9QjvBPdysz9KfQDD41fQrC2Y4vKQdiaUpFT4bXlb1RHhLpp8wtm6M5TgSw=="],

    "undici-types": ["undici-types@7.18.2", "", {}, "sha512-AsuCzffGHJybSaRrmr5eHr81mwJU3kjw6M+uprWvCXiNeN9SOGwQ3Jn8jb8m3Z6izVgknn1R0FTCEAP2QrLY/w=="],
  }
}
